// !$*UTF8*$!
{
	archiveVersion = 1;
	classes = {
	};
	objectVersion = 56;
	objects = {

/* Begin PBXBuildFile section */
		6CACE7B02A59FFBC001117A6 /* AppDelegate.swift in Sources */ = {isa = PBXBuildFile; fileRef = 6CACE7AF2A59FFBC001117A6 /* AppDelegate.swift */; };
		6CACE7B22A59FFBC001117A6 /* SceneDelegate.swift in Sources */ = {isa = PBXBuildFile; fileRef = 6CACE7B12A59FFBC001117A6 /* SceneDelegate.swift */; };
		6CACE7BA2A59FFBC001117A6 /* UNES.xcdatamodeld in Sources */ = {isa = PBXBuildFile; fileRef = 6CACE7B82A59FFBC001117A6 /* UNES.xcdatamodeld */; };
		6CACE7BC2A59FFBD001117A6 /* Assets.xcassets in Resources */ = {isa = PBXBuildFile; fileRef = 6CACE7BB2A59FFBD001117A6 /* Assets.xcassets */; };
		6CACE7BF2A59FFBD001117A6 /* LaunchScreen.storyboard in Resources */ = {isa = PBXBuildFile; fileRef = 6CACE7BD2A59FFBD001117A6 /* LaunchScreen.storyboard */; };
		6CACE7CF2A5A0C1A001117A6 /* Coordinator.swift in Sources */ = {isa = PBXBuildFile; fileRef = 6CACE7CE2A5A0C1A001117A6 /* Coordinator.swift */; };
		6CACE7D12A5A0C5F001117A6 /* MainCoordinator.swift in Sources */ = {isa = PBXBuildFile; fileRef = 6CACE7D02A5A0C5F001117A6 /* MainCoordinator.swift */; };
		6CACE7D42A5A0D49001117A6 /* AppDIContainer.swift in Sources */ = {isa = PBXBuildFile; fileRef = 6CACE7D32A5A0D49001117A6 /* AppDIContainer.swift */; };
		6CACE7D72A5A0E47001117A6 /* WelcomeAppViewController.swift in Sources */ = {isa = PBXBuildFile; fileRef = 6CACE7D62A5A0E47001117A6 /* WelcomeAppViewController.swift */; };
		6CACE7D92A5A1174001117A6 /* WelcomeAppViewModel.swift in Sources */ = {isa = PBXBuildFile; fileRef = 6CACE7D82A5A1174001117A6 /* WelcomeAppViewModel.swift */; };
		6CACE7DC2A5A3DFB001117A6 /* LoginViewController.swift in Sources */ = {isa = PBXBuildFile; fileRef = 6CACE7DB2A5A3DFB001117A6 /* LoginViewController.swift */; };
		6CBCCD852A5B5933004A984B /* AuthCoordinator.swift in Sources */ = {isa = PBXBuildFile; fileRef = 6CBCCD842A5B5933004A984B /* AuthCoordinator.swift */; };
		6CBCCD872A5B5A24004A984B /* LoginViewModel.swift in Sources */ = {isa = PBXBuildFile; fileRef = 6CBCCD862A5B5A24004A984B /* LoginViewModel.swift */; };
		6CBCCD8F2A5E05DE004A984B /* TestingGrounds.swift in Sources */ = {isa = PBXBuildFile; fileRef = 6CBCCD8E2A5E05DE004A984B /* TestingGrounds.swift */; };
/* End PBXBuildFile section */

/* Begin PBXFileReference section */
		6CACE7AC2A59FFBC001117A6 /* UNES.app */ = {isa = PBXFileReference; explicitFileType = wrapper.application; includeInIndex = 0; path = UNES.app; sourceTree = BUILT_PRODUCTS_DIR; };
		6CACE7AF2A59FFBC001117A6 /* AppDelegate.swift */ = {isa = PBXFileReference; lastKnownFileType = sourcecode.swift; path = AppDelegate.swift; sourceTree = "<group>"; };
		6CACE7B12A59FFBC001117A6 /* SceneDelegate.swift */ = {isa = PBXFileReference; lastKnownFileType = sourcecode.swift; path = SceneDelegate.swift; sourceTree = "<group>"; };
		6CACE7B92A59FFBC001117A6 /* UNES.xcdatamodel */ = {isa = PBXFileReference; lastKnownFileType = wrapper.xcdatamodel; path = UNES.xcdatamodel; sourceTree = "<group>"; };
		6CACE7BB2A59FFBD001117A6 /* Assets.xcassets */ = {isa = PBXFileReference; lastKnownFileType = folder.assetcatalog; path = Assets.xcassets; sourceTree = "<group>"; };
		6CACE7BE2A59FFBD001117A6 /* Base */ = {isa = PBXFileReference; lastKnownFileType = file.storyboard; name = Base; path = Base.lproj/LaunchScreen.storyboard; sourceTree = "<group>"; };
		6CACE7C02A59FFBD001117A6 /* Info.plist */ = {isa = PBXFileReference; lastKnownFileType = text.plist.xml; path = Info.plist; sourceTree = "<group>"; };
		6CACE7CE2A5A0C1A001117A6 /* Coordinator.swift */ = {isa = PBXFileReference; lastKnownFileType = sourcecode.swift; path = Coordinator.swift; sourceTree = "<group>"; };
		6CACE7D02A5A0C5F001117A6 /* MainCoordinator.swift */ = {isa = PBXFileReference; lastKnownFileType = sourcecode.swift; path = MainCoordinator.swift; sourceTree = "<group>"; };
		6CACE7D32A5A0D49001117A6 /* AppDIContainer.swift */ = {isa = PBXFileReference; lastKnownFileType = sourcecode.swift; path = AppDIContainer.swift; sourceTree = "<group>"; };
		6CACE7D62A5A0E47001117A6 /* WelcomeAppViewController.swift */ = {isa = PBXFileReference; lastKnownFileType = sourcecode.swift; path = WelcomeAppViewController.swift; sourceTree = "<group>"; };
		6CACE7D82A5A1174001117A6 /* WelcomeAppViewModel.swift */ = {isa = PBXFileReference; lastKnownFileType = sourcecode.swift; path = WelcomeAppViewModel.swift; sourceTree = "<group>"; };
		6CACE7DB2A5A3DFB001117A6 /* LoginViewController.swift */ = {isa = PBXFileReference; lastKnownFileType = sourcecode.swift; path = LoginViewController.swift; sourceTree = "<group>"; };
		6CBCCD842A5B5933004A984B /* AuthCoordinator.swift */ = {isa = PBXFileReference; lastKnownFileType = sourcecode.swift; path = AuthCoordinator.swift; sourceTree = "<group>"; };
		6CBCCD862A5B5A24004A984B /* LoginViewModel.swift */ = {isa = PBXFileReference; lastKnownFileType = sourcecode.swift; path = LoginViewModel.swift; sourceTree = "<group>"; };
		6CBCCD8E2A5E05DE004A984B /* TestingGrounds.swift */ = {isa = PBXFileReference; lastKnownFileType = sourcecode.swift; path = TestingGrounds.swift; sourceTree = "<group>"; };
/* End PBXFileReference section */

/* Begin PBXFrameworksBuildPhase section */
		6CACE7A92A59FFBC001117A6 /* Frameworks */ = {
			isa = PBXFrameworksBuildPhase;
			buildActionMask = 2147483647;
			files = (
			);
			runOnlyForDeploymentPostprocessing = 0;
		};
/* End PBXFrameworksBuildPhase section */

/* Begin PBXGroup section */
		6CACE7A32A59FFBC001117A6 = {
			isa = PBXGroup;
			children = (
				6CACE7AE2A59FFBC001117A6 /* UNES */,
				6CACE7AD2A59FFBC001117A6 /* Products */,
			);
			sourceTree = "<group>";
		};
		6CACE7AD2A59FFBC001117A6 /* Products */ = {
			isa = PBXGroup;
			children = (
				6CACE7AC2A59FFBC001117A6 /* UNES.app */,
			);
			name = Products;
			sourceTree = "<group>";
		};
		6CACE7AE2A59FFBC001117A6 /* UNES */ = {
			isa = PBXGroup;
			children = (
				6CACE7D22A5A0D2B001117A6 /* DI */,
				6CACE7C82A5A0B99001117A6 /* Presentation */,
				6CACE7C72A5A0B94001117A6 /* Data */,
				6CACE7C62A5A0B7F001117A6 /* Domain */,
				6CACE7AF2A59FFBC001117A6 /* AppDelegate.swift */,
				6CACE7B12A59FFBC001117A6 /* SceneDelegate.swift */,
				6CACE7BB2A59FFBD001117A6 /* Assets.xcassets */,
				6CACE7BD2A59FFBD001117A6 /* LaunchScreen.storyboard */,
				6CACE7C02A59FFBD001117A6 /* Info.plist */,
				6CACE7B82A59FFBC001117A6 /* UNES.xcdatamodeld */,
			);
			path = UNES;
			sourceTree = "<group>";
		};
		6CACE7C62A5A0B7F001117A6 /* Domain */ = {
			isa = PBXGroup;
			children = (
			);
			path = Domain;
			sourceTree = "<group>";
		};
		6CACE7C72A5A0B94001117A6 /* Data */ = {
			isa = PBXGroup;
			children = (
			);
			path = Data;
			sourceTree = "<group>";
		};
		6CACE7C82A5A0B99001117A6 /* Presentation */ = {
			isa = PBXGroup;
			children = (
				6CBCCD8A2A5B7D0C004A984B /* Components */,
				6CACE7CA2A5A0BB7001117A6 /* UI */,
				6CACE7CE2A5A0C1A001117A6 /* Coordinator.swift */,
			);
			path = Presentation;
			sourceTree = "<group>";
		};
		6CACE7CA2A5A0BB7001117A6 /* UI */ = {
			isa = PBXGroup;
			children = (
				6CACE7CB2A5A0BD0001117A6 /* Auth */,
				6CACE7D02A5A0C5F001117A6 /* MainCoordinator.swift */,
				6CBCCD8E2A5E05DE004A984B /* TestingGrounds.swift */,
			);
			path = UI;
			sourceTree = "<group>";
		};
		6CACE7CB2A5A0BD0001117A6 /* Auth */ = {
			isa = PBXGroup;
			children = (
				6CACE7DA2A5A3DD9001117A6 /* Login */,
				6CACE7D52A5A0DBB001117A6 /* Welcome */,
				6CBCCD842A5B5933004A984B /* AuthCoordinator.swift */,
			);
			path = Auth;
			sourceTree = "<group>";
		};
		6CACE7D22A5A0D2B001117A6 /* DI */ = {
			isa = PBXGroup;
			children = (
				6CACE7D32A5A0D49001117A6 /* AppDIContainer.swift */,
			);
			path = DI;
			sourceTree = "<group>";
		};
		6CACE7D52A5A0DBB001117A6 /* Welcome */ = {
			isa = PBXGroup;
			children = (
				6CACE7D62A5A0E47001117A6 /* WelcomeAppViewController.swift */,
				6CACE7D82A5A1174001117A6 /* WelcomeAppViewModel.swift */,
			);
			path = Welcome;
			sourceTree = "<group>";
		};
		6CACE7DA2A5A3DD9001117A6 /* Login */ = {
			isa = PBXGroup;
			children = (
				6CACE7DB2A5A3DFB001117A6 /* LoginViewController.swift */,
				6CBCCD862A5B5A24004A984B /* LoginViewModel.swift */,
			);
			path = Login;
			sourceTree = "<group>";
		};
		6CBCCD8A2A5B7D0C004A984B /* Components */ = {
			isa = PBXGroup;
			children = (
				6CBCCD8B2A5B7D2A004A984B /* TextField */,
			);
			path = Components;
			sourceTree = "<group>";
		};
		6CBCCD8B2A5B7D2A004A984B /* TextField */ = {
			isa = PBXGroup;
			children = (
			);
			path = TextField;
			sourceTree = "<group>";
		};
/* End PBXGroup section */

/* Begin PBXNativeTarget section */
		6CACE7AB2A59FFBC001117A6 /* UNES */ = {
			isa = PBXNativeTarget;
			buildConfigurationList = 6CACE7C32A59FFBD001117A6 /* Build configuration list for PBXNativeTarget "UNES" */;
			buildPhases = (
				6CACE7A82A59FFBC001117A6 /* Sources */,
				6CACE7A92A59FFBC001117A6 /* Frameworks */,
				6CACE7AA2A59FFBC001117A6 /* Resources */,
			);
			buildRules = (
			);
			dependencies = (
			);
			name = UNES;
			productName = UNES;
			productReference = 6CACE7AC2A59FFBC001117A6 /* UNES.app */;
			productType = "com.apple.product-type.application";
		};
/* End PBXNativeTarget section */

/* Begin PBXProject section */
		6CACE7A42A59FFBC001117A6 /* Project object */ = {
			isa = PBXProject;
			attributes = {
				BuildIndependentTargetsInParallel = 1;
				LastSwiftUpdateCheck = 1430;
				LastUpgradeCheck = 1430;
				TargetAttributes = {
					6CACE7AB2A59FFBC001117A6 = {
						CreatedOnToolsVersion = 14.3.1;
					};
				};
			};
			buildConfigurationList = 6CACE7A72A59FFBC001117A6 /* Build configuration list for PBXProject "UNES" */;
			compatibilityVersion = "Xcode 14.0";
			developmentRegion = en;
			hasScannedForEncodings = 0;
			knownRegions = (
				en,
				Base,
			);
			mainGroup = 6CACE7A32A59FFBC001117A6;
			productRefGroup = 6CACE7AD2A59FFBC001117A6 /* Products */;
			projectDirPath = "";
			projectRoot = "";
			targets = (
				6CACE7AB2A59FFBC001117A6 /* UNES */,
			);
		};
/* End PBXProject section */

/* Begin PBXResourcesBuildPhase section */
		6CACE7AA2A59FFBC001117A6 /* Resources */ = {
			isa = PBXResourcesBuildPhase;
			buildActionMask = 2147483647;
			files = (
				6CACE7BF2A59FFBD001117A6 /* LaunchScreen.storyboard in Resources */,
				6CACE7BC2A59FFBD001117A6 /* Assets.xcassets in Resources */,
			);
			runOnlyForDeploymentPostprocessing = 0;
		};
/* End PBXResourcesBuildPhase section */

/* Begin PBXSourcesBuildPhase section */
		6CACE7A82A59FFBC001117A6 /* Sources */ = {
			isa = PBXSourcesBuildPhase;
			buildActionMask = 2147483647;
			files = (
				6CACE7D42A5A0D49001117A6 /* AppDIContainer.swift in Sources */,
				6CACE7D92A5A1174001117A6 /* WelcomeAppViewModel.swift in Sources */,
				6CACE7BA2A59FFBC001117A6 /* UNES.xcdatamodeld in Sources */,
				6CACE7D12A5A0C5F001117A6 /* MainCoordinator.swift in Sources */,
				6CACE7CF2A5A0C1A001117A6 /* Coordinator.swift in Sources */,
				6CBCCD852A5B5933004A984B /* AuthCoordinator.swift in Sources */,
				6CACE7D72A5A0E47001117A6 /* WelcomeAppViewController.swift in Sources */,
				6CBCCD872A5B5A24004A984B /* LoginViewModel.swift in Sources */,
				6CACE7B02A59FFBC001117A6 /* AppDelegate.swift in Sources */,
				6CACE7DC2A5A3DFB001117A6 /* LoginViewController.swift in Sources */,
				6CBCCD8F2A5E05DE004A984B /* TestingGrounds.swift in Sources */,
				6CACE7B22A59FFBC001117A6 /* SceneDelegate.swift in Sources */,
			);
			runOnlyForDeploymentPostprocessing = 0;
		};
/* End PBXSourcesBuildPhase section */

/* Begin PBXVariantGroup section */
		6CACE7BD2A59FFBD001117A6 /* LaunchScreen.storyboard */ = {
			isa = PBXVariantGroup;
			children = (
				6CACE7BE2A59FFBD001117A6 /* Base */,
			);
			name = LaunchScreen.storyboard;
			sourceTree = "<group>";
		};
/* End PBXVariantGroup section */

/* Begin XCBuildConfiguration section */
		6CACE7C12A59FFBD001117A6 /* Debug */ = {
			isa = XCBuildConfiguration;
			buildSettings = {
				ALWAYS_SEARCH_USER_PATHS = NO;
				CLANG_ANALYZER_NONNULL = YES;
				CLANG_ANALYZER_NUMBER_OBJECT_CONVERSION = YES_AGGRESSIVE;
				CLANG_CXX_LANGUAGE_STANDARD = "gnu++20";
				CLANG_ENABLE_MODULES = YES;
				CLANG_ENABLE_OBJC_ARC = YES;
				CLANG_ENABLE_OBJC_WEAK = YES;
				CLANG_WARN_BLOCK_CAPTURE_AUTORELEASING = YES;
				CLANG_WARN_BOOL_CONVERSION = YES;
				CLANG_WARN_COMMA = YES;
				CLANG_WARN_CONSTANT_CONVERSION = YES;
				CLANG_WARN_DEPRECATED_OBJC_IMPLEMENTATIONS = YES;
				CLANG_WARN_DIRECT_OBJC_ISA_USAGE = YES_ERROR;
				CLANG_WARN_DOCUMENTATION_COMMENTS = YES;
				CLANG_WARN_EMPTY_BODY = YES;
				CLANG_WARN_ENUM_CONVERSION = YES;
				CLANG_WARN_INFINITE_RECURSION = YES;
				CLANG_WARN_INT_CONVERSION = YES;
				CLANG_WARN_NON_LITERAL_NULL_CONVERSION = YES;
				CLANG_WARN_OBJC_IMPLICIT_RETAIN_SELF = YES;
				CLANG_WARN_OBJC_LITERAL_CONVERSION = YES;
				CLANG_WARN_OBJC_ROOT_CLASS = YES_ERROR;
				CLANG_WARN_QUOTED_INCLUDE_IN_FRAMEWORK_HEADER = YES;
				CLANG_WARN_RANGE_LOOP_ANALYSIS = YES;
				CLANG_WARN_STRICT_PROTOTYPES = YES;
				CLANG_WARN_SUSPICIOUS_MOVE = YES;
				CLANG_WARN_UNGUARDED_AVAILABILITY = YES_AGGRESSIVE;
				CLANG_WARN_UNREACHABLE_CODE = YES;
				CLANG_WARN__DUPLICATE_METHOD_MATCH = YES;
				COPY_PHASE_STRIP = NO;
				DEBUG_INFORMATION_FORMAT = dwarf;
				ENABLE_STRICT_OBJC_MSGSEND = YES;
				ENABLE_TESTABILITY = YES;
				GCC_C_LANGUAGE_STANDARD = gnu11;
				GCC_DYNAMIC_NO_PIC = NO;
				GCC_NO_COMMON_BLOCKS = YES;
				GCC_OPTIMIZATION_LEVEL = 0;
				GCC_PREPROCESSOR_DEFINITIONS = (
					"DEBUG=1",
					"$(inherited)",
				);
				GCC_WARN_64_TO_32_BIT_CONVERSION = YES;
				GCC_WARN_ABOUT_RETURN_TYPE = YES_ERROR;
				GCC_WARN_UNDECLARED_SELECTOR = YES;
				GCC_WARN_UNINITIALIZED_AUTOS = YES_AGGRESSIVE;
				GCC_WARN_UNUSED_FUNCTION = YES;
				GCC_WARN_UNUSED_VARIABLE = YES;
				IPHONEOS_DEPLOYMENT_TARGET = 16.4;
				MTL_ENABLE_DEBUG_INFO = INCLUDE_SOURCE;
				MTL_FAST_MATH = YES;
				ONLY_ACTIVE_ARCH = YES;
				SDKROOT = iphoneos;
				SWIFT_ACTIVE_COMPILATION_CONDITIONS = DEBUG;
				SWIFT_OPTIMIZATION_LEVEL = "-Onone";
			};
			name = Debug;
		};
		6CACE7C22A59FFBD001117A6 /* Release */ = {
			isa = XCBuildConfiguration;
			buildSettings = {
				ALWAYS_SEARCH_USER_PATHS = NO;
				CLANG_ANALYZER_NONNULL = YES;
				CLANG_ANALYZER_NUMBER_OBJECT_CONVERSION = YES_AGGRESSIVE;
				CLANG_CXX_LANGUAGE_STANDARD = "gnu++20";
				CLANG_ENABLE_MODULES = YES;
				CLANG_ENABLE_OBJC_ARC = YES;
				CLANG_ENABLE_OBJC_WEAK = YES;
				CLANG_WARN_BLOCK_CAPTURE_AUTORELEASING = YES;
				CLANG_WARN_BOOL_CONVERSION = YES;
				CLANG_WARN_COMMA = YES;
				CLANG_WARN_CONSTANT_CONVERSION = YES;
				CLANG_WARN_DEPRECATED_OBJC_IMPLEMENTATIONS = YES;
				CLANG_WARN_DIRECT_OBJC_ISA_USAGE = YES_ERROR;
				CLANG_WARN_DOCUMENTATION_COMMENTS = YES;
				CLANG_WARN_EMPTY_BODY = YES;
				CLANG_WARN_ENUM_CONVERSION = YES;
				CLANG_WARN_INFINITE_RECURSION = YES;
				CLANG_WARN_INT_CONVERSION = YES;
				CLANG_WARN_NON_LITERAL_NULL_CONVERSION = YES;
				CLANG_WARN_OBJC_IMPLICIT_RETAIN_SELF = YES;
				CLANG_WARN_OBJC_LITERAL_CONVERSION = YES;
				CLANG_WARN_OBJC_ROOT_CLASS = YES_ERROR;
				CLANG_WARN_QUOTED_INCLUDE_IN_FRAMEWORK_HEADER = YES;
				CLANG_WARN_RANGE_LOOP_ANALYSIS = YES;
				CLANG_WARN_STRICT_PROTOTYPES = YES;
				CLANG_WARN_SUSPICIOUS_MOVE = YES;
				CLANG_WARN_UNGUARDED_AVAILABILITY = YES_AGGRESSIVE;
				CLANG_WARN_UNREACHABLE_CODE = YES;
				CLANG_WARN__DUPLICATE_METHOD_MATCH = YES;
				COPY_PHASE_STRIP = NO;
				DEBUG_INFORMATION_FORMAT = "dwarf-with-dsym";
				ENABLE_NS_ASSERTIONS = NO;
				ENABLE_STRICT_OBJC_MSGSEND = YES;
				GCC_C_LANGUAGE_STANDARD = gnu11;
				GCC_NO_COMMON_BLOCKS = YES;
				GCC_WARN_64_TO_32_BIT_CONVERSION = YES;
				GCC_WARN_ABOUT_RETURN_TYPE = YES_ERROR;
				GCC_WARN_UNDECLARED_SELECTOR = YES;
				GCC_WARN_UNINITIALIZED_AUTOS = YES_AGGRESSIVE;
				GCC_WARN_UNUSED_FUNCTION = YES;
				GCC_WARN_UNUSED_VARIABLE = YES;
				IPHONEOS_DEPLOYMENT_TARGET = 16.4;
				MTL_ENABLE_DEBUG_INFO = NO;
				MTL_FAST_MATH = YES;
				SDKROOT = iphoneos;
				SWIFT_COMPILATION_MODE = wholemodule;
				SWIFT_OPTIMIZATION_LEVEL = "-O";
				VALIDATE_PRODUCT = YES;
			};
			name = Release;
		};
		6CACE7C42A59FFBD001117A6 /* Debug */ = {
			isa = XCBuildConfiguration;
			buildSettings = {
				ASSETCATALOG_COMPILER_APPICON_NAME = AppIcon;
				ASSETCATALOG_COMPILER_GLOBAL_ACCENT_COLOR_NAME = AccentColor;
				CODE_SIGN_STYLE = Automatic;
				CURRENT_PROJECT_VERSION = 1;
				DEVELOPMENT_TEAM = 5GH6Q6KS69;
				GENERATE_INFOPLIST_FILE = YES;
				INFOPLIST_FILE = UNES/Info.plist;
				INFOPLIST_KEY_UIApplicationSupportsIndirectInputEvents = YES;
				INFOPLIST_KEY_UILaunchStoryboardName = LaunchScreen;
				INFOPLIST_KEY_UISupportedInterfaceOrientations_iPad = "UIInterfaceOrientationPortrait UIInterfaceOrientationPortraitUpsideDown UIInterfaceOrientationLandscapeLeft UIInterfaceOrientationLandscapeRight";
				INFOPLIST_KEY_UISupportedInterfaceOrientations_iPhone = "UIInterfaceOrientationPortrait UIInterfaceOrientationLandscapeLeft UIInterfaceOrientationLandscapeRight";
				IPHONEOS_DEPLOYMENT_TARGET = 16.0;
				LD_RUNPATH_SEARCH_PATHS = (
					"$(inherited)",
					"@executable_path/Frameworks",
				);
				MARKETING_VERSION = 1.0;
				PRODUCT_BUNDLE_IDENTIFIER = dev.forcetower.unes;
				PRODUCT_NAME = "$(TARGET_NAME)";
				SWIFT_EMIT_LOC_STRINGS = YES;
				SWIFT_VERSION = 5.0;
				TARGETED_DEVICE_FAMILY = "1,2";
			};
			name = Debug;
		};
		6CACE7C52A59FFBD001117A6 /* Release */ = {
			isa = XCBuildConfiguration;
			buildSettings = {
				ASSETCATALOG_COMPILER_APPICON_NAME = AppIcon;
				ASSETCATALOG_COMPILER_GLOBAL_ACCENT_COLOR_NAME = AccentColor;
				CODE_SIGN_STYLE = Automatic;
				CURRENT_PROJECT_VERSION = 1;
				DEVELOPMENT_TEAM = 5GH6Q6KS69;
				GENERATE_INFOPLIST_FILE = YES;
				INFOPLIST_FILE = UNES/Info.plist;
				INFOPLIST_KEY_UIApplicationSupportsIndirectInputEvents = YES;
				INFOPLIST_KEY_UILaunchStoryboardName = LaunchScreen;
				INFOPLIST_KEY_UISupportedInterfaceOrientations_iPad = "UIInterfaceOrientationPortrait UIInterfaceOrientationPortraitUpsideDown UIInterfaceOrientationLandscapeLeft UIInterfaceOrientationLandscapeRight";
				INFOPLIST_KEY_UISupportedInterfaceOrientations_iPhone = "UIInterfaceOrientationPortrait UIInterfaceOrientationLandscapeLeft UIInterfaceOrientationLandscapeRight";
				IPHONEOS_DEPLOYMENT_TARGET = 16.0;
				LD_RUNPATH_SEARCH_PATHS = (
					"$(inherited)",
					"@executable_path/Frameworks",
				);
				MARKETING_VERSION = 1.0;
				PRODUCT_BUNDLE_IDENTIFIER = dev.forcetower.unes;
				PRODUCT_NAME = "$(TARGET_NAME)";
				SWIFT_EMIT_LOC_STRINGS = YES;
				SWIFT_VERSION = 5.0;
				TARGETED_DEVICE_FAMILY = "1,2";
			};
			name = Release;
		};
/* End XCBuildConfiguration section */

/* Begin XCConfigurationList section */
		6CACE7A72A59FFBC001117A6 /* Build configuration list for PBXProject "UNES" */ = {
			isa = XCConfigurationList;
			buildConfigurations = (
				6CACE7C12A59FFBD001117A6 /* Debug */,
				6CACE7C22A59FFBD001117A6 /* Release */,
			);
			defaultConfigurationIsVisible = 0;
			defaultConfigurationName = Release;
		};
		6CACE7C32A59FFBD001117A6 /* Build configuration list for PBXNativeTarget "UNES" */ = {
			isa = XCConfigurationList;
			buildConfigurations = (
				6CACE7C42A59FFBD001117A6 /* Debug */,
				6CACE7C52A59FFBD001117A6 /* Release */,
			);
			defaultConfigurationIsVisible = 0;
			defaultConfigurationName = Release;
		};
/* End XCConfigurationList section */

/* Begin XCVersionGroup section */
		6CACE7B82A59FFBC001117A6 /* UNES.xcdatamodeld */ = {
			isa = XCVersionGroup;
			children = (
				6CACE7B92A59FFBC001117A6 /* UNES.xcdatamodel */,
			);
			currentVersion = 6CACE7B92A59FFBC001117A6 /* UNES.xcdatamodel */;
			path = UNES.xcdatamodeld;
			sourceTree = "<group>";
			versionGroupType = wrapper.xcdatamodel;
		};
/* End XCVersionGroup section */
	};
	rootObject = 6CACE7A42A59FFBC001117A6 /* Project object */;
}
